
Microsoft Visual Studio Solution File, Format Version 12.00
# Visual Studio Version 17
VisualStudioVersion = 17.5.33414.496
MinimumVisualStudioVersion = 10.0.40219.1
Project("{FAE04EC0-301F-11D3-BF4B-00C04F79EFBC}") = "Homework 8.2", "Homework 8.2\Homework 8.2.csproj", "{D2528C5F-9BB2-4BCB-AC3A-124F0FED67D9}"
EndProject
Global
	GlobalSection(SolutionConfigurationPlatforms) = preSolution
		Debug|Any CPU = Debug|Any CPU
		Release|Any CPU = Release|Any CPU
	EndGlobalSection
	GlobalSection(ProjectConfigurationPlatforms) = postSolution
		{D2528C5F-9BB2-4BCB-AC3A-124F0FED67D9}.Debug|Any CPU.ActiveCfg = Debug|Any CPU
		{D2528C5F-9BB2-4BCB-AC3A-124F0FED67D9}.Debug|Any CPU.Build.0 = Debug|Any CPU
		{D2528C5F-9BB2-4BCB-AC3A-124F0FED67D9}.Release|Any CPU.ActiveCfg = Release|Any CPU
		{D2528C5F-9BB2-4BCB-AC3A-124F0FED67D9}.Release|Any CPU.Build.0 = Release|Any CPU
	EndGlobalSection
	GlobalSection(SolutionProperties) = preSolution
		HideSolutionNode = FALSE
	EndGlobalSection
	GlobalSection(ExtensibilityGlobals) = postSolution
		SolutionGuid = {FAD6F070-F4E9-454A-B107-D7DE1F3A25CF}
	EndGlobalSection
EndGlobal
