
Microsoft Visual Studio Solution File, Format Version 12.00
# Visual Studio Version 17
VisualStudioVersion = 17.5.33414.496
MinimumVisualStudioVersion = 10.0.40219.1
Project("{FAE04EC0-301F-11D3-BF4B-00C04F79EFBC}") = "Homework 8.5", "Homework 8.5\Homework 8.5.csproj", "{25C5F76D-5F63-48D4-A259-E047A828CE68}"
EndProject
Global
	GlobalSection(SolutionConfigurationPlatforms) = preSolution
		Debug|Any CPU = Debug|Any CPU
		Release|Any CPU = Release|Any CPU
	EndGlobalSection
	GlobalSection(ProjectConfigurationPlatforms) = postSolution
		{25C5F76D-5F63-48D4-A259-E047A828CE68}.Debug|Any CPU.ActiveCfg = Debug|Any CPU
		{25C5F76D-5F63-48D4-A259-E047A828CE68}.Debug|Any CPU.Build.0 = Debug|Any CPU
		{25C5F76D-5F63-48D4-A259-E047A828CE68}.Release|Any CPU.ActiveCfg = Release|Any CPU
		{25C5F76D-5F63-48D4-A259-E047A828CE68}.Release|Any CPU.Build.0 = Release|Any CPU
	EndGlobalSection
	GlobalSection(SolutionProperties) = preSolution
		HideSolutionNode = FALSE
	EndGlobalSection
	GlobalSection(ExtensibilityGlobals) = postSolution
		SolutionGuid = {B22BB734-C517-4D67-A0FA-D4C0BC906135}
	EndGlobalSection
EndGlobal
